
Microsoft Visual Studio Solution File, Format Version 12.00
# Visual Studio Version 16
VisualStudioVersion = 16.0.31624.102
MinimumVisualStudioVersion = 10.0.40219.1
Project("{FAE04EC0-301F-11D3-BF4B-00C04F79EFBC}") = "NardOffline", "NardOffline.csproj", "{FF050DF1-9868-479A-B831-C76CC762E90B}"
EndProject
Global
	GlobalSection(SolutionConfigurationPlatforms) = preSolution
		Debug|Any CPU = Debug|Any CPU
		Release|Any CPU = Release|Any CPU
	EndGlobalSection
	GlobalSection(ProjectConfigurationPlatforms) = postSolution
		{FF050DF1-9868-479A-B831-C76CC762E90B}.Debug|Any CPU.ActiveCfg = Debug|Any CPU
		{FF050DF1-9868-479A-B831-C76CC762E90B}.Debug|Any CPU.Build.0 = Debug|Any CPU
		{FF050DF1-9868-479A-B831-C76CC762E90B}.Release|Any CPU.ActiveCfg = Release|Any CPU
		{FF050DF1-9868-479A-B831-C76CC762E90B}.Release|Any CPU.Build.0 = Release|Any CPU
	EndGlobalSection
	GlobalSection(SolutionProperties) = preSolution
		HideSolutionNode = FALSE
	EndGlobalSection
	GlobalSection(ExtensibilityGlobals) = postSolution
		SolutionGuid = {6665FBCF-CD71-49C5-8BD7-8C0C75898BAB}
	EndGlobalSection
EndGlobal
