
Microsoft Visual Studio Solution File, Format Version 12.00
# Visual Studio Version 16
VisualStudioVersion = 16.0.31624.102
MinimumVisualStudioVersion = 10.0.40219.1
Project("{FAE04EC0-301F-11D3-BF4B-00C04F79EFBC}") = "Task1", "Task1.csproj", "{F6911C84-BA4B-4CC7-9A3C-F92D4BCF370A}"
EndProject
Global
	GlobalSection(SolutionConfigurationPlatforms) = preSolution
		Debug|Any CPU = Debug|Any CPU
		Release|Any CPU = Release|Any CPU
	EndGlobalSection
	GlobalSection(ProjectConfigurationPlatforms) = postSolution
		{F6911C84-BA4B-4CC7-9A3C-F92D4BCF370A}.Debug|Any CPU.ActiveCfg = Debug|Any CPU
		{F6911C84-BA4B-4CC7-9A3C-F92D4BCF370A}.Debug|Any CPU.Build.0 = Debug|Any CPU
		{F6911C84-BA4B-4CC7-9A3C-F92D4BCF370A}.Release|Any CPU.ActiveCfg = Release|Any CPU
		{F6911C84-BA4B-4CC7-9A3C-F92D4BCF370A}.Release|Any CPU.Build.0 = Release|Any CPU
	EndGlobalSection
	GlobalSection(SolutionProperties) = preSolution
		HideSolutionNode = FALSE
	EndGlobalSection
	GlobalSection(ExtensibilityGlobals) = postSolution
		SolutionGuid = {77DA69B6-D203-4A8A-8AF0-1FCFB92B1002}
	EndGlobalSection
EndGlobal
